// !$*UTF8*$!
{
	archiveVersion = 1;
	classes = {
	};
	objectVersion = 48;
	objects = {

/* Begin PBXBuildFile section */
		4157FFCC1FA449ED00EA1D92 /* AppDelegate.swift in Sources */ = {isa = PBXBuildFile; fileRef = 4157FFCB1FA449ED00EA1D92 /* AppDelegate.swift */; };
		4157FFCE1FA449ED00EA1D92 /* ViewController.swift in Sources */ = {isa = PBXBuildFile; fileRef = 4157FFCD1FA449ED00EA1D92 /* ViewController.swift */; };
		4157FFD11FA449ED00EA1D92 /* Main.storyboard in Resources */ = {isa = PBXBuildFile; fileRef = 4157FFCF1FA449ED00EA1D92 /* Main.storyboard */; };
		4157FFD31FA449ED00EA1D92 /* Assets.xcassets in Resources */ = {isa = PBXBuildFile; fileRef = 4157FFD21FA449ED00EA1D92 /* Assets.xcassets */; };
		4157FFD61FA449ED00EA1D92 /* LaunchScreen.storyboard in Resources */ = {isa = PBXBuildFile; fileRef = 4157FFD41FA449ED00EA1D92 /* LaunchScreen.storyboard */; };
/* End PBXBuildFile section */

/* Begin PBXFileReference section */
		4157FFC81FA449ED00EA1D92 /* SwiftPlaygrounds.app */ = {isa = PBXFileReference; explicitFileType = wrapper.application; includeInIndex = 0; path = SwiftPlaygrounds.app; sourceTree = BUILT_PRODUCTS_DIR; };
		4157FFCB1FA449ED00EA1D92 /* AppDelegate.swift */ = {isa = PBXFileReference; lastKnownFileType = sourcecode.swift; path = AppDelegate.swift; sourceTree = "<group>"; };
		4157FFCD1FA449ED00EA1D92 /* ViewController.swift */ = {isa = PBXFileReference; lastKnownFileType = sourcecode.swift; path = ViewController.swift; sourceTree = "<group>"; };
		4157FFD01FA449ED00EA1D92 /* Base */ = {isa = PBXFileReference; lastKnownFileType = file.storyboard; name = Base; path = Base.lproj/Main.storyboard; sourceTree = "<group>"; };
		4157FFD21FA449ED00EA1D92 /* Assets.xcassets */ = {isa = PBXFileReference; lastKnownFileType = folder.assetcatalog; path = Assets.xcassets; sourceTree = "<group>"; };
		4157FFD51FA449ED00EA1D92 /* Base */ = {isa = PBXFileReference; lastKnownFileType = file.storyboard; name = Base; path = Base.lproj/LaunchScreen.storyboard; sourceTree = "<group>"; };
		4157FFD71FA449ED00EA1D92 /* Info.plist */ = {isa = PBXFileReference; lastKnownFileType = text.plist.xml; path = Info.plist; sourceTree = "<group>"; };
		4157FFDD1FA44A4700EA1D92 /* OptionalVariables.playground */ = {isa = PBXFileReference; lastKnownFileType = file.playground; path = OptionalVariables.playground; sourceTree = "<group>"; };
		4157FFDE1FA44A4700EA1D92 /* NestedTypes.playground */ = {isa = PBXFileReference; lastKnownFileType = file.playground; path = NestedTypes.playground; sourceTree = "<group>"; };
		4157FFDF1FA44A4800EA1D92 /* Enumerations.playground */ = {isa = PBXFileReference; lastKnownFileType = file.playground; path = Enumerations.playground; sourceTree = "<group>"; };
		4157FFE01FA44A4800EA1D92 /* TypeCasting.playground */ = {isa = PBXFileReference; lastKnownFileType = file.playground; path = TypeCasting.playground; sourceTree = "<group>"; };
		4157FFE11FA44A4800EA1D92 /* Dictionary.playground */ = {isa = PBXFileReference; lastKnownFileType = file.playground; path = Dictionary.playground; sourceTree = "<group>"; };
		4157FFE21FA44A4800EA1D92 /* Subscripts.playground */ = {isa = PBXFileReference; lastKnownFileType = file.playground; path = Subscripts.playground; sourceTree = "<group>"; };
		4157FFE31FA44A4800EA1D92 /* WhileLoop.playground */ = {isa = PBXFileReference; lastKnownFileType = file.playground; path = WhileLoop.playground; sourceTree = "<group>"; };
		4157FFE41FA44A4800EA1D92 /* Struct.playground */ = {isa = PBXFileReference; lastKnownFileType = file.playground; path = Struct.playground; sourceTree = "<group>"; };
		4157FFE51FA44A4800EA1D92 /* Tuples.playground */ = {isa = PBXFileReference; lastKnownFileType = file.playground; path = Tuples.playground; sourceTree = "<group>"; };
		4157FFE61FA44A4800EA1D92 /* Switch.playground */ = {isa = PBXFileReference; lastKnownFileType = file.playground; path = Switch.playground; sourceTree = "<group>"; };
		4157FFE71FA44A4800EA1D92 /* AccessControl.playground */ = {isa = PBXFileReference; lastKnownFileType = file.playground; path = AccessControl.playground; sourceTree = "<group>"; xcLanguageSpecificationIdentifier = xcode.lang.swift; };
		4157FFE81FA44A4800EA1D92 /* MethodParameters.playground */ = {isa = PBXFileReference; lastKnownFileType = file.playground; path = MethodParameters.playground; sourceTree = "<group>"; };
		4157FFE91FA44A4900EA1D92 /* ImplicitExplicitValues.playground */ = {isa = PBXFileReference; lastKnownFileType = file.playground; path = ImplicitExplicitValues.playground; sourceTree = "<group>"; };
		4157FFEA1FA44A4900EA1D92 /* AliasDataType.playground */ = {isa = PBXFileReference; lastKnownFileType = file.playground; path = AliasDataType.playground; sourceTree = "<group>"; };
		4157FFEB1FA44A4900EA1D92 /* ForLoop.playground */ = {isa = PBXFileReference; lastKnownFileType = file.playground; path = ForLoop.playground; sourceTree = "<group>"; };
		4157FFEC1FA44A4900EA1D92 /* Inheritance.playground */ = {isa = PBXFileReference; lastKnownFileType = file.playground; path = Inheritance.playground; sourceTree = "<group>"; };
		4157FFED1FA44A4900EA1D92 /* ConstantVariableValues.playground */ = {isa = PBXFileReference; lastKnownFileType = file.playground; path = ConstantVariableValues.playground; sourceTree = "<group>"; };
		4157FFEE1FA44A4A00EA1D92 /* ErrorHandling.playground */ = {isa = PBXFileReference; lastKnownFileType = file.playground; path = ErrorHandling.playground; sourceTree = "<group>"; };
		4157FFEF1FA44A4A00EA1D92 /* Functions.playground */ = {isa = PBXFileReference; lastKnownFileType = file.playground; path = Functions.playground; sourceTree = "<group>"; };
		4157FFF01FA44A4A00EA1D92 /* OptionalChaining.playground */ = {isa = PBXFileReference; lastKnownFileType = file.playground; path = OptionalChaining.playground; sourceTree = "<group>"; };
		4157FFF11FA44A4A00EA1D92 /* Initializers.playground */ = {isa = PBXFileReference; lastKnownFileType = file.playground; path = Initializers.playground; sourceTree = "<group>"; };
		4157FFF21FA44A4A00EA1D92 /* Extentions.playground */ = {isa = PBXFileReference; lastKnownFileType = file.playground; path = Extentions.playground; sourceTree = "<group>"; };
		4157FFF31FA44A4A00EA1D92 /* Array.playground */ = {isa = PBXFileReference; lastKnownFileType = file.playground; path = Array.playground; sourceTree = "<group>"; };
		4157FFF41FA44A4B00EA1D92 /* Generics.playground */ = {isa = PBXFileReference; lastKnownFileType = file.playground; path = Generics.playground; sourceTree = "<group>"; };
		4157FFF51FA44A4B00EA1D92 /* Methods.playground */ = {isa = PBXFileReference; lastKnownFileType = file.playground; path = Methods.playground; sourceTree = "<group>"; };
		4157FFF61FA44A4B00EA1D92 /* Deinitialization.playground */ = {isa = PBXFileReference; lastKnownFileType = file.playground; path = Deinitialization.playground; sourceTree = "<group>"; };
		4157FFF71FA44A4B00EA1D92 /* Class.playground */ = {isa = PBXFileReference; lastKnownFileType = file.playground; path = Class.playground; sourceTree = "<group>"; };
		4157FFF81FA44A4C00EA1D92 /* Operators.playground */ = {isa = PBXFileReference; lastKnownFileType = file.playground; path = Operators.playground; sourceTree = "<group>"; };
		4157FFF91FA44A4C00EA1D92 /* Protocols.playground */ = {isa = PBXFileReference; lastKnownFileType = file.playground; path = Protocols.playground; sourceTree = "<group>"; };
		4157FFFA1FA44A4C00EA1D92 /* Closures.playground */ = {isa = PBXFileReference; lastKnownFileType = file.playground; path = Closures.playground; sourceTree = "<group>"; };
		4157FFFB1FA44A4D00EA1D92 /* BasicDataTypes.playground */ = {isa = PBXFileReference; lastKnownFileType = file.playground; path = BasicDataTypes.playground; sourceTree = "<group>"; };
		4157FFFC1FA44A4E00EA1D92 /* MyPlayground.playground */ = {isa = PBXFileReference; lastKnownFileType = file.playground; path = MyPlayground.playground; sourceTree = "<group>"; };
		4157FFFD1FA44A4E00EA1D92 /* Properties.playground */ = {isa = PBXFileReference; lastKnownFileType = file.playground; path = Properties.playground; sourceTree = "<group>"; };
/* End PBXFileReference section */

/* Begin PBXFrameworksBuildPhase section */
		4157FFC51FA449ED00EA1D92 /* Frameworks */ = {
			isa = PBXFrameworksBuildPhase;
			buildActionMask = 2147483647;
			files = (
			);
			runOnlyForDeploymentPostprocessing = 0;
		};
/* End PBXFrameworksBuildPhase section */

/* Begin PBXGroup section */
		4157FFBF1FA449ED00EA1D92 = {
			isa = PBXGroup;
			children = (
				4157FFCA1FA449ED00EA1D92 /* SwiftPlaygrounds */,
				4157FFC91FA449ED00EA1D92 /* Products */,
			);
			sourceTree = "<group>";
		};
		4157FFC91FA449ED00EA1D92 /* Products */ = {
			isa = PBXGroup;
			children = (
				4157FFC81FA449ED00EA1D92 /* SwiftPlaygrounds.app */,
			);
			name = Products;
			sourceTree = "<group>";
		};
		4157FFCA1FA449ED00EA1D92 /* SwiftPlaygrounds */ = {
			isa = PBXGroup;
			children = (
				4157FFCB1FA449ED00EA1D92 /* AppDelegate.swift */,
				4157FFCD1FA449ED00EA1D92 /* ViewController.swift */,
				4157FFCF1FA449ED00EA1D92 /* Main.storyboard */,
				4157FFD21FA449ED00EA1D92 /* Assets.xcassets */,
				4157FFD41FA449ED00EA1D92 /* LaunchScreen.storyboard */,
				4157FFED1FA44A4900EA1D92 /* ConstantVariableValues.playground */,
				4157FFE91FA44A4900EA1D92 /* ImplicitExplicitValues.playground */,
				4157FFFB1FA44A4D00EA1D92 /* BasicDataTypes.playground */,
				4157FFEA1FA44A4900EA1D92 /* AliasDataType.playground */,
				4157FFFA1FA44A4C00EA1D92 /* Closures.playground */,
				4157FFEF1FA44A4A00EA1D92 /* Functions.playground */,
				4157FFF31FA44A4A00EA1D92 /* Array.playground */,
				4157FFE11FA44A4800EA1D92 /* Dictionary.playground */,
				4157FFE51FA44A4800EA1D92 /* Tuples.playground */,
				4157FFDD1FA44A4700EA1D92 /* OptionalVariables.playground */,
				4157FFF81FA44A4C00EA1D92 /* Operators.playground */,
				4157FFE31FA44A4800EA1D92 /* WhileLoop.playground */,
				4157FFEB1FA44A4900EA1D92 /* ForLoop.playground */,
				4157FFE61FA44A4800EA1D92 /* Switch.playground */,
				4157FFDF1FA44A4800EA1D92 /* Enumerations.playground */,
				4157FFE41FA44A4800EA1D92 /* Struct.playground */,
				4157FFF71FA44A4B00EA1D92 /* Class.playground */,
				4157FFF11FA44A4A00EA1D92 /* Initializers.playground */,
				4157FFF61FA44A4B00EA1D92 /* Deinitialization.playground */,
				4157FFEC1FA44A4900EA1D92 /* Inheritance.playground */,
				4157FFFD1FA44A4E00EA1D92 /* Properties.playground */,
				4157FFF51FA44A4B00EA1D92 /* Methods.playground */,
				4157FFF91FA44A4C00EA1D92 /* Protocols.playground */,
				4157FFE21FA44A4800EA1D92 /* Subscripts.playground */,
				4157FFF21FA44A4A00EA1D92 /* Extentions.playground */,
				4157FFF01FA44A4A00EA1D92 /* OptionalChaining.playground */,
				4157FFE01FA44A4800EA1D92 /* TypeCasting.playground */,
				4157FFF41FA44A4B00EA1D92 /* Generics.playground */,
				4157FFE81FA44A4800EA1D92 /* MethodParameters.playground */,
				4157FFDE1FA44A4700EA1D92 /* NestedTypes.playground */,
				4157FFE71FA44A4800EA1D92 /* AccessControl.playground */,
				4157FFEE1FA44A4A00EA1D92 /* ErrorHandling.playground */,
				4157FFFC1FA44A4E00EA1D92 /* MyPlayground.playground */,
				4157FFD71FA449ED00EA1D92 /* Info.plist */,
			);
			path = SwiftPlaygrounds;
			sourceTree = "<group>";
		};
/* End PBXGroup section */

/* Begin PBXNativeTarget section */
		4157FFC71FA449ED00EA1D92 /* SwiftPlaygrounds */ = {
			isa = PBXNativeTarget;
			buildConfigurationList = 4157FFDA1FA449ED00EA1D92 /* Build configuration list for PBXNativeTarget "SwiftPlaygrounds" */;
			buildPhases = (
				4157FFC41FA449ED00EA1D92 /* Sources */,
				4157FFC51FA449ED00EA1D92 /* Frameworks */,
				4157FFC61FA449ED00EA1D92 /* Resources */,
			);
			buildRules = (
			);
			dependencies = (
			);
			name = SwiftPlaygrounds;
			productName = SwiftPlaygrounds;
			productReference = 4157FFC81FA449ED00EA1D92 /* SwiftPlaygrounds.app */;
			productType = "com.apple.product-type.application";
		};
/* End PBXNativeTarget section */

/* Begin PBXProject section */
		4157FFC01FA449ED00EA1D92 /* Project object */ = {
			isa = PBXProject;
			attributes = {
				LastSwiftUpdateCheck = 0900;
				LastUpgradeCheck = 0900;
				ORGANIZATIONNAME = MKD;
				TargetAttributes = {
					4157FFC71FA449ED00EA1D92 = {
						CreatedOnToolsVersion = 9.0;
						ProvisioningStyle = Automatic;
					};
				};
			};
			buildConfigurationList = 4157FFC31FA449ED00EA1D92 /* Build configuration list for PBXProject "SwiftPlaygrounds" */;
			compatibilityVersion = "Xcode 8.0";
			developmentRegion = en;
			hasScannedForEncodings = 0;
			knownRegions = (
				en,
				Base,
			);
			mainGroup = 4157FFBF1FA449ED00EA1D92;
			productRefGroup = 4157FFC91FA449ED00EA1D92 /* Products */;
			projectDirPath = "";
			projectRoot = "";
			targets = (
				4157FFC71FA449ED00EA1D92 /* SwiftPlaygrounds */,
			);
		};
/* End PBXProject section */

/* Begin PBXResourcesBuildPhase section */
		4157FFC61FA449ED00EA1D92 /* Resources */ = {
			isa = PBXResourcesBuildPhase;
			buildActionMask = 2147483647;
			files = (
				4157FFD61FA449ED00EA1D92 /* LaunchScreen.storyboard in Resources */,
				4157FFD31FA449ED00EA1D92 /* Assets.xcassets in Resources */,
				4157FFD11FA449ED00EA1D92 /* Main.storyboard in Resources */,
			);
			runOnlyForDeploymentPostprocessing = 0;
		};
/* End PBXResourcesBuildPhase section */

/* Begin PBXSourcesBuildPhase section */
		4157FFC41FA449ED00EA1D92 /* Sources */ = {
			isa = PBXSourcesBuildPhase;
			buildActionMask = 2147483647;
			files = (
				4157FFCE1FA449ED00EA1D92 /* ViewController.swift in Sources */,
				4157FFCC1FA449ED00EA1D92 /* AppDelegate.swift in Sources */,
			);
			runOnlyForDeploymentPostprocessing = 0;
		};
/* End PBXSourcesBuildPhase section */

/* Begin PBXVariantGroup section */
		4157FFCF1FA449ED00EA1D92 /* Main.storyboard */ = {
			isa = PBXVariantGroup;
			children = (
				4157FFD01FA449ED00EA1D92 /* Base */,
			);
			name = Main.storyboard;
			sourceTree = "<group>";
		};
		4157FFD41FA449ED00EA1D92 /* LaunchScreen.storyboard */ = {
			isa = PBXVariantGroup;
			children = (
				4157FFD51FA449ED00EA1D92 /* Base */,
			);
			name = LaunchScreen.storyboard;
			sourceTree = "<group>";
		};
/* End PBXVariantGroup section */

/* Begin XCBuildConfiguration section */
		4157FFD81FA449ED00EA1D92 /* Debug */ = {
			isa = XCBuildConfiguration;
			buildSettings = {
				ALWAYS_SEARCH_USER_PATHS = NO;
				CLANG_ANALYZER_NONNULL = YES;
				CLANG_ANALYZER_NUMBER_OBJECT_CONVERSION = YES_AGGRESSIVE;
				CLANG_CXX_LANGUAGE_STANDARD = "gnu++14";
				CLANG_CXX_LIBRARY = "libc++";
				CLANG_ENABLE_MODULES = YES;
				CLANG_ENABLE_OBJC_ARC = YES;
				CLANG_WARN_BLOCK_CAPTURE_AUTORELEASING = YES;
				CLANG_WARN_BOOL_CONVERSION = YES;
				CLANG_WARN_COMMA = YES;
				CLANG_WARN_CONSTANT_CONVERSION = YES;
				CLANG_WARN_DIRECT_OBJC_ISA_USAGE = YES_ERROR;
				CLANG_WARN_DOCUMENTATION_COMMENTS = YES;
				CLANG_WARN_EMPTY_BODY = YES;
				CLANG_WARN_ENUM_CONVERSION = YES;
				CLANG_WARN_INFINITE_RECURSION = YES;
				CLANG_WARN_INT_CONVERSION = YES;
				CLANG_WARN_NON_LITERAL_NULL_CONVERSION = YES;
				CLANG_WARN_OBJC_LITERAL_CONVERSION = YES;
				CLANG_WARN_OBJC_ROOT_CLASS = YES_ERROR;
				CLANG_WARN_RANGE_LOOP_ANALYSIS = YES;
				CLANG_WARN_STRICT_PROTOTYPES = YES;
				CLANG_WARN_SUSPICIOUS_MOVE = YES;
				CLANG_WARN_UNGUARDED_AVAILABILITY = YES_AGGRESSIVE;
				CLANG_WARN_UNREACHABLE_CODE = YES;
				CLANG_WARN__DUPLICATE_METHOD_MATCH = YES;
				CODE_SIGN_IDENTITY = "iPhone Developer";
				COPY_PHASE_STRIP = NO;
				DEBUG_INFORMATION_FORMAT = dwarf;
				ENABLE_STRICT_OBJC_MSGSEND = YES;
				ENABLE_TESTABILITY = YES;
				GCC_C_LANGUAGE_STANDARD = gnu11;
				GCC_DYNAMIC_NO_PIC = NO;
				GCC_NO_COMMON_BLOCKS = YES;
				GCC_OPTIMIZATION_LEVEL = 0;
				GCC_PREPROCESSOR_DEFINITIONS = (
					"DEBUG=1",
					"$(inherited)",
				);
				GCC_WARN_64_TO_32_BIT_CONVERSION = YES;
				GCC_WARN_ABOUT_RETURN_TYPE = YES_ERROR;
				GCC_WARN_UNDECLARED_SELECTOR = YES;
				GCC_WARN_UNINITIALIZED_AUTOS = YES_AGGRESSIVE;
				GCC_WARN_UNUSED_FUNCTION = YES;
				GCC_WARN_UNUSED_VARIABLE = YES;
				IPHONEOS_DEPLOYMENT_TARGET = 11.0;
				MTL_ENABLE_DEBUG_INFO = YES;
				ONLY_ACTIVE_ARCH = YES;
				SDKROOT = iphoneos;
				SWIFT_ACTIVE_COMPILATION_CONDITIONS = DEBUG;
				SWIFT_OPTIMIZATION_LEVEL = "-Onone";
			};
			name = Debug;
		};
		4157FFD91FA449ED00EA1D92 /* Release */ = {
			isa = XCBuildConfiguration;
			buildSettings = {
				ALWAYS_SEARCH_USER_PATHS = NO;
				CLANG_ANALYZER_NONNULL = YES;
				CLANG_ANALYZER_NUMBER_OBJECT_CONVERSION = YES_AGGRESSIVE;
				CLANG_CXX_LANGUAGE_STANDARD = "gnu++14";
				CLANG_CXX_LIBRARY = "libc++";
				CLANG_ENABLE_MODULES = YES;
				CLANG_ENABLE_OBJC_ARC = YES;
				CLANG_WARN_BLOCK_CAPTURE_AUTORELEASING = YES;
				CLANG_WARN_BOOL_CONVERSION = YES;
				CLANG_WARN_COMMA = YES;
				CLANG_WARN_CONSTANT_CONVERSION = YES;
				CLANG_WARN_DIRECT_OBJC_ISA_USAGE = YES_ERROR;
				CLANG_WARN_DOCUMENTATION_COMMENTS = YES;
				CLANG_WARN_EMPTY_BODY = YES;
				CLANG_WARN_ENUM_CONVERSION = YES;
				CLANG_WARN_INFINITE_RECURSION = YES;
				CLANG_WARN_INT_CONVERSION = YES;
				CLANG_WARN_NON_LITERAL_NULL_CONVERSION = YES;
				CLANG_WARN_OBJC_LITERAL_CONVERSION = YES;
				CLANG_WARN_OBJC_ROOT_CLASS = YES_ERROR;
				CLANG_WARN_RANGE_LOOP_ANALYSIS = YES;
				CLANG_WARN_STRICT_PROTOTYPES = YES;
				CLANG_WARN_SUSPICIOUS_MOVE = YES;
				CLANG_WARN_UNGUARDED_AVAILABILITY = YES_AGGRESSIVE;
				CLANG_WARN_UNREACHABLE_CODE = YES;
				CLANG_WARN__DUPLICATE_METHOD_MATCH = YES;
				CODE_SIGN_IDENTITY = "iPhone Developer";
				COPY_PHASE_STRIP = NO;
				DEBUG_INFORMATION_FORMAT = "dwarf-with-dsym";
				ENABLE_NS_ASSERTIONS = NO;
				ENABLE_STRICT_OBJC_MSGSEND = YES;
				GCC_C_LANGUAGE_STANDARD = gnu11;
				GCC_NO_COMMON_BLOCKS = YES;
				GCC_WARN_64_TO_32_BIT_CONVERSION = YES;
				GCC_WARN_ABOUT_RETURN_TYPE = YES_ERROR;
				GCC_WARN_UNDECLARED_SELECTOR = YES;
				GCC_WARN_UNINITIALIZED_AUTOS = YES_AGGRESSIVE;
				GCC_WARN_UNUSED_FUNCTION = YES;
				GCC_WARN_UNUSED_VARIABLE = YES;
				IPHONEOS_DEPLOYMENT_TARGET = 11.0;
				MTL_ENABLE_DEBUG_INFO = NO;
				SDKROOT = iphoneos;
				SWIFT_OPTIMIZATION_LEVEL = "-Owholemodule";
				VALIDATE_PRODUCT = YES;
			};
			name = Release;
		};
		4157FFDB1FA449ED00EA1D92 /* Debug */ = {
			isa = XCBuildConfiguration;
			buildSettings = {
				ASSETCATALOG_COMPILER_APPICON_NAME = AppIcon;
				CODE_SIGN_STYLE = Automatic;
				INFOPLIST_FILE = SwiftPlaygrounds/Info.plist;
				LD_RUNPATH_SEARCH_PATHS = "$(inherited) @executable_path/Frameworks";
				PRODUCT_BUNDLE_IDENTIFIER = com.example.SwiftPlaygrounds;
				PRODUCT_NAME = "$(TARGET_NAME)";
				SWIFT_VERSION = 4.0;
				TARGETED_DEVICE_FAMILY = "1,2";
			};
			name = Debug;
		};
		4157FFDC1FA449ED00EA1D92 /* Release */ = {
			isa = XCBuildConfiguration;
			buildSettings = {
				ASSETCATALOG_COMPILER_APPICON_NAME = AppIcon;
				CODE_SIGN_STYLE = Automatic;
				INFOPLIST_FILE = SwiftPlaygrounds/Info.plist;
				LD_RUNPATH_SEARCH_PATHS = "$(inherited) @executable_path/Frameworks";
				PRODUCT_BUNDLE_IDENTIFIER = com.example.SwiftPlaygrounds;
				PRODUCT_NAME = "$(TARGET_NAME)";
				SWIFT_VERSION = 4.0;
				TARGETED_DEVICE_FAMILY = "1,2";
			};
			name = Release;
		};
/* End XCBuildConfiguration section */

/* Begin XCConfigurationList section */
		4157FFC31FA449ED00EA1D92 /* Build configuration list for PBXProject "SwiftPlaygrounds" */ = {
			isa = XCConfigurationList;
			buildConfigurations = (
				4157FFD81FA449ED00EA1D92 /* Debug */,
				4157FFD91FA449ED00EA1D92 /* Release */,
			);
			defaultConfigurationIsVisible = 0;
			defaultConfigurationName = Release;
		};
		4157FFDA1FA449ED00EA1D92 /* Build configuration list for PBXNativeTarget "SwiftPlaygrounds" */ = {
			isa = XCConfigurationList;
			buildConfigurations = (
				4157FFDB1FA449ED00EA1D92 /* Debug */,
				4157FFDC1FA449ED00EA1D92 /* Release */,
			);
			defaultConfigurationIsVisible = 0;
			defaultConfigurationName = Release;
		};
/* End XCConfigurationList section */
	};
	rootObject = 4157FFC01FA449ED00EA1D92 /* Project object */;
}
